
Microsoft Visual Studio Solution File, Format Version 12.00
# Visual Studio Version 16
VisualStudioVersion = 16.0.32228.343
MinimumVisualStudioVersion = 10.0.40219.1
Project("{9A19103F-16F7-4668-BE54-9A1E7A4F7556}") = "Practice - Two", "Practice - Two.csproj", "{8D00384E-A586-4CE0-80CE-617DB4A57DF8}"
EndProject
Project("{FAE04EC0-301F-11D3-BF4B-00C04F79EFBC}") = "Logic", "..\Logic\Logic.csproj", "{00C99CAF-3688-4F69-ADBA-45E2B39F1B7E}"
EndProject
Global
	GlobalSection(SolutionConfigurationPlatforms) = preSolution
		Debug|Any CPU = Debug|Any CPU
		Release|Any CPU = Release|Any CPU
	EndGlobalSection
	GlobalSection(ProjectConfigurationPlatforms) = postSolution
		{8D00384E-A586-4CE0-80CE-617DB4A57DF8}.Debug|Any CPU.ActiveCfg = Debug|Any CPU
		{8D00384E-A586-4CE0-80CE-617DB4A57DF8}.Debug|Any CPU.Build.0 = Debug|Any CPU
		{8D00384E-A586-4CE0-80CE-617DB4A57DF8}.Release|Any CPU.ActiveCfg = Release|Any CPU
		{8D00384E-A586-4CE0-80CE-617DB4A57DF8}.Release|Any CPU.Build.0 = Release|Any CPU
		{00C99CAF-3688-4F69-ADBA-45E2B39F1B7E}.Debug|Any CPU.ActiveCfg = Debug|Any CPU
		{00C99CAF-3688-4F69-ADBA-45E2B39F1B7E}.Debug|Any CPU.Build.0 = Debug|Any CPU
		{00C99CAF-3688-4F69-ADBA-45E2B39F1B7E}.Release|Any CPU.ActiveCfg = Release|Any CPU
		{00C99CAF-3688-4F69-ADBA-45E2B39F1B7E}.Release|Any CPU.Build.0 = Release|Any CPU
	EndGlobalSection
	GlobalSection(SolutionProperties) = preSolution
		HideSolutionNode = FALSE
	EndGlobalSection
	GlobalSection(ExtensibilityGlobals) = postSolution
		SolutionGuid = {4887B77E-C8B1-4C34-B2F9-92EF752A1352}
	EndGlobalSection
EndGlobal
